github.com/disgoorg/godave v0.0.0-20260102192129-fd00e2ab9eb9 h1:SOYlqICMupkoE9SXsAN4dL7m2+/2tLpIx3cUWmgtUGg=
github.com/disgoorg/godave v0.0.0-20260102192129-fd00e2ab9eb9/go.mod h1:OreAC3hpabr39bMVA+jwOVDq1EUPXH5A0XUBiZaDI1Y=
github.com/disgoorg/godave/libdave v0.0.0-20260102192129-fd00e2ab9eb9 h1:tV9sY9IFTjc2qxbvsjCA1PsmQE3rZZJ3C5LkogPM0pE=
github.com/disgoorg/godave/libdave v0.0.0-20260102192129-fd00e2ab9eb9/go.mod h1:CxundbQ722MpK3vD31kaOAxbu1+cFnnEKQDqQ7rpxEM=
